
Microsoft Visual Studio Solution File, Format Version 12.00
# Visual Studio Version 17
VisualStudioVersion = 17.0.31903.59
MinimumVisualStudioVersion = 10.0.40219.1
Project("{2150E333-8FDC-42A3-9474-1A3956D46DE8}") = "src", "src", "{827E0CD3-B72D-47B6-A68D-7590B98EB39B}"
EndProject
Project("{FAE04EC0-301F-11D3-BF4B-00C04F79EFBC}") = "Auth.Api", "src\Auth.Api\Auth.Api.csproj", "{EEDFC914-3342-4F56-BD71-FB55250316D1}"
EndProject
Project("{FAE04EC0-301F-11D3-BF4B-00C04F79EFBC}") = "Auth.Application", "src\Auth.Application\Auth.Application.csproj", "{73924304-E3CE-4DC6-A991-EAD3CCD12A48}"
EndProject
Project("{FAE04EC0-301F-11D3-BF4B-00C04F79EFBC}") = "Auth.Domain", "src\Auth.Domain\Auth.Domain.csproj", "{7BF0712E-3DB9-4983-87DA-D7863AB59AF6}"
EndProject
Project("{FAE04EC0-301F-11D3-BF4B-00C04F79EFBC}") = "Auth.Infrastructure", "src\Auth.Infrastructure\Auth.Infrastructure.csproj", "{21CF80BE-F7A5-4FDF-8973-3D9CBF9401EA}"
EndProject
Project("{2150E333-8FDC-42A3-9474-1A3956D46DE8}") = "AuthZ", "AuthZ", "{0E971F4E-70D5-C25B-4C6F-FA4AB609C365}"
EndProject
Project("{FAE04EC0-301F-11D3-BF4B-00C04F79EFBC}") = "AuthZ.Api", "src\AuthZ\AuthZ.Api\AuthZ.Api.csproj", "{A73E2A1C-88A2-4F35-A12E-5EDA45D92BC9}"
EndProject
Project("{FAE04EC0-301F-11D3-BF4B-00C04F79EFBC}") = "AuthZ.Application", "src\AuthZ\AuthZ.Application\AuthZ.Application.csproj", "{DCEAB04E-04E2-406A-B597-C1F6DA75E9F7}"
EndProject
Project("{FAE04EC0-301F-11D3-BF4B-00C04F79EFBC}") = "AuthZ.Domain", "src\AuthZ\AuthZ.Domain\AuthZ.Domain.csproj", "{242A8BFB-1AE6-4CEE-A2C2-3665C745EE1F}"
EndProject
Project("{FAE04EC0-301F-11D3-BF4B-00C04F79EFBC}") = "AuthZ.Infrastructure", "src\AuthZ\AuthZ.Infrastructure\AuthZ.Infrastructure.csproj", "{54E859D1-BA0F-4EDA-B888-951D6848A008}"
EndProject
Global
	GlobalSection(SolutionConfigurationPlatforms) = preSolution
		Debug|Any CPU = Debug|Any CPU
		Debug|x64 = Debug|x64
		Debug|x86 = Debug|x86
		Release|Any CPU = Release|Any CPU
		Release|x64 = Release|x64
		Release|x86 = Release|x86
	EndGlobalSection
	GlobalSection(ProjectConfigurationPlatforms) = postSolution
		{EEDFC914-3342-4F56-BD71-FB55250316D1}.Debug|Any CPU.ActiveCfg = Debug|Any CPU
		{EEDFC914-3342-4F56-BD71-FB55250316D1}.Debug|Any CPU.Build.0 = Debug|Any CPU
		{EEDFC914-3342-4F56-BD71-FB55250316D1}.Debug|x64.ActiveCfg = Debug|Any CPU
		{EEDFC914-3342-4F56-BD71-FB55250316D1}.Debug|x64.Build.0 = Debug|Any CPU
		{EEDFC914-3342-4F56-BD71-FB55250316D1}.Debug|x86.ActiveCfg = Debug|Any CPU
		{EEDFC914-3342-4F56-BD71-FB55250316D1}.Debug|x86.Build.0 = Debug|Any CPU
		{EEDFC914-3342-4F56-BD71-FB55250316D1}.Release|Any CPU.ActiveCfg = Release|Any CPU
		{EEDFC914-3342-4F56-BD71-FB55250316D1}.Release|Any CPU.Build.0 = Release|Any CPU
		{EEDFC914-3342-4F56-BD71-FB55250316D1}.Release|x64.ActiveCfg = Release|Any CPU
		{EEDFC914-3342-4F56-BD71-FB55250316D1}.Release|x64.Build.0 = Release|Any CPU
		{EEDFC914-3342-4F56-BD71-FB55250316D1}.Release|x86.ActiveCfg = Release|Any CPU
		{EEDFC914-3342-4F56-BD71-FB55250316D1}.Release|x86.Build.0 = Release|Any CPU
		{73924304-E3CE-4DC6-A991-EAD3CCD12A48}.Debug|Any CPU.ActiveCfg = Debug|Any CPU
		{73924304-E3CE-4DC6-A991-EAD3CCD12A48}.Debug|Any CPU.Build.0 = Debug|Any CPU
		{73924304-E3CE-4DC6-A991-EAD3CCD12A48}.Debug|x64.ActiveCfg = Debug|Any CPU
		{73924304-E3CE-4DC6-A991-EAD3CCD12A48}.Debug|x64.Build.0 = Debug|Any CPU
		{73924304-E3CE-4DC6-A991-EAD3CCD12A48}.Debug|x86.ActiveCfg = Debug|Any CPU
		{73924304-E3CE-4DC6-A991-EAD3CCD12A48}.Debug|x86.Build.0 = Debug|Any CPU
		{73924304-E3CE-4DC6-A991-EAD3CCD12A48}.Release|Any CPU.ActiveCfg = Release|Any CPU
		{73924304-E3CE-4DC6-A991-EAD3CCD12A48}.Release|Any CPU.Build.0 = Release|Any CPU
		{73924304-E3CE-4DC6-A991-EAD3CCD12A48}.Release|x64.ActiveCfg = Release|Any CPU
		{73924304-E3CE-4DC6-A991-EAD3CCD12A48}.Release|x64.Build.0 = Release|Any CPU
		{73924304-E3CE-4DC6-A991-EAD3CCD12A48}.Release|x86.ActiveCfg = Release|Any CPU
		{73924304-E3CE-4DC6-A991-EAD3CCD12A48}.Release|x86.Build.0 = Release|Any CPU
		{7BF0712E-3DB9-4983-87DA-D7863AB59AF6}.Debug|Any CPU.ActiveCfg = Debug|Any CPU
		{7BF0712E-3DB9-4983-87DA-D7863AB59AF6}.Debug|Any CPU.Build.0 = Debug|Any CPU
		{7BF0712E-3DB9-4983-87DA-D7863AB59AF6}.Debug|x64.ActiveCfg = Debug|Any CPU
		{7BF0712E-3DB9-4983-87DA-D7863AB59AF6}.Debug|x64.Build.0 = Debug|Any CPU
		{7BF0712E-3DB9-4983-87DA-D7863AB59AF6}.Debug|x86.ActiveCfg = Debug|Any CPU
		{7BF0712E-3DB9-4983-87DA-D7863AB59AF6}.Debug|x86.Build.0 = Debug|Any CPU
		{7BF0712E-3DB9-4983-87DA-D7863AB59AF6}.Release|Any CPU.ActiveCfg = Release|Any CPU
		{7BF0712E-3DB9-4983-87DA-D7863AB59AF6}.Release|Any CPU.Build.0 = Release|Any CPU
		{7BF0712E-3DB9-4983-87DA-D7863AB59AF6}.Release|x64.ActiveCfg = Release|Any CPU
		{7BF0712E-3DB9-4983-87DA-D7863AB59AF6}.Release|x64.Build.0 = Release|Any CPU
		{7BF0712E-3DB9-4983-87DA-D7863AB59AF6}.Release|x86.ActiveCfg = Release|Any CPU
		{7BF0712E-3DB9-4983-87DA-D7863AB59AF6}.Release|x86.Build.0 = Release|Any CPU
		{21CF80BE-F7A5-4FDF-8973-3D9CBF9401EA}.Debug|Any CPU.ActiveCfg = Debug|Any CPU
		{21CF80BE-F7A5-4FDF-8973-3D9CBF9401EA}.Debug|Any CPU.Build.0 = Debug|Any CPU
		{21CF80BE-F7A5-4FDF-8973-3D9CBF9401EA}.Debug|x64.ActiveCfg = Debug|Any CPU
		{21CF80BE-F7A5-4FDF-8973-3D9CBF9401EA}.Debug|x64.Build.0 = Debug|Any CPU
		{21CF80BE-F7A5-4FDF-8973-3D9CBF9401EA}.Debug|x86.ActiveCfg = Debug|Any CPU
		{21CF80BE-F7A5-4FDF-8973-3D9CBF9401EA}.Debug|x86.Build.0 = Debug|Any CPU
		{21CF80BE-F7A5-4FDF-8973-3D9CBF9401EA}.Release|Any CPU.ActiveCfg = Release|Any CPU
		{21CF80BE-F7A5-4FDF-8973-3D9CBF9401EA}.Release|Any CPU.Build.0 = Release|Any CPU
		{21CF80BE-F7A5-4FDF-8973-3D9CBF9401EA}.Release|x64.ActiveCfg = Release|Any CPU
		{21CF80BE-F7A5-4FDF-8973-3D9CBF9401EA}.Release|x64.Build.0 = Release|Any CPU
		{21CF80BE-F7A5-4FDF-8973-3D9CBF9401EA}.Release|x86.ActiveCfg = Release|Any CPU
		{21CF80BE-F7A5-4FDF-8973-3D9CBF9401EA}.Release|x86.Build.0 = Release|Any CPU
		{A73E2A1C-88A2-4F35-A12E-5EDA45D92BC9}.Debug|Any CPU.ActiveCfg = Debug|Any CPU
		{A73E2A1C-88A2-4F35-A12E-5EDA45D92BC9}.Debug|Any CPU.Build.0 = Debug|Any CPU
		{A73E2A1C-88A2-4F35-A12E-5EDA45D92BC9}.Debug|x64.ActiveCfg = Debug|Any CPU
		{A73E2A1C-88A2-4F35-A12E-5EDA45D92BC9}.Debug|x64.Build.0 = Debug|Any CPU
		{A73E2A1C-88A2-4F35-A12E-5EDA45D92BC9}.Debug|x86.ActiveCfg = Debug|Any CPU
		{A73E2A1C-88A2-4F35-A12E-5EDA45D92BC9}.Debug|x86.Build.0 = Debug|Any CPU
		{A73E2A1C-88A2-4F35-A12E-5EDA45D92BC9}.Release|Any CPU.ActiveCfg = Release|Any CPU
		{A73E2A1C-88A2-4F35-A12E-5EDA45D92BC9}.Release|Any CPU.Build.0 = Release|Any CPU
		{A73E2A1C-88A2-4F35-A12E-5EDA45D92BC9}.Release|x64.ActiveCfg = Release|Any CPU
		{A73E2A1C-88A2-4F35-A12E-5EDA45D92BC9}.Release|x64.Build.0 = Release|Any CPU
		{A73E2A1C-88A2-4F35-A12E-5EDA45D92BC9}.Release|x86.ActiveCfg = Release|Any CPU
		{A73E2A1C-88A2-4F35-A12E-5EDA45D92BC9}.Release|x86.Build.0 = Release|Any CPU
		{DCEAB04E-04E2-406A-B597-C1F6DA75E9F7}.Debug|Any CPU.ActiveCfg = Debug|Any CPU
		{DCEAB04E-04E2-406A-B597-C1F6DA75E9F7}.Debug|Any CPU.Build.0 = Debug|Any CPU
		{DCEAB04E-04E2-406A-B597-C1F6DA75E9F7}.Debug|x64.ActiveCfg = Debug|Any CPU
		{DCEAB04E-04E2-406A-B597-C1F6DA75E9F7}.Debug|x64.Build.0 = Debug|Any CPU
		{DCEAB04E-04E2-406A-B597-C1F6DA75E9F7}.Debug|x86.ActiveCfg = Debug|Any CPU
		{DCEAB04E-04E2-406A-B597-C1F6DA75E9F7}.Debug|x86.Build.0 = Debug|Any CPU
		{DCEAB04E-04E2-406A-B597-C1F6DA75E9F7}.Release|Any CPU.ActiveCfg = Release|Any CPU
		{DCEAB04E-04E2-406A-B597-C1F6DA75E9F7}.Release|Any CPU.Build.0 = Release|Any CPU
		{DCEAB04E-04E2-406A-B597-C1F6DA75E9F7}.Release|x64.ActiveCfg = Release|Any CPU
		{DCEAB04E-04E2-406A-B597-C1F6DA75E9F7}.Release|x64.Build.0 = Release|Any CPU
		{DCEAB04E-04E2-406A-B597-C1F6DA75E9F7}.Release|x86.ActiveCfg = Release|Any CPU
		{DCEAB04E-04E2-406A-B597-C1F6DA75E9F7}.Release|x86.Build.0 = Release|Any CPU
		{242A8BFB-1AE6-4CEE-A2C2-3665C745EE1F}.Debug|Any CPU.ActiveCfg = Debug|Any CPU
		{242A8BFB-1AE6-4CEE-A2C2-3665C745EE1F}.Debug|Any CPU.Build.0 = Debug|Any CPU
		{242A8BFB-1AE6-4CEE-A2C2-3665C745EE1F}.Debug|x64.ActiveCfg = Debug|Any CPU
		{242A8BFB-1AE6-4CEE-A2C2-3665C745EE1F}.Debug|x64.Build.0 = Debug|Any CPU
		{242A8BFB-1AE6-4CEE-A2C2-3665C745EE1F}.Debug|x86.ActiveCfg = Debug|Any CPU
		{242A8BFB-1AE6-4CEE-A2C2-3665C745EE1F}.Debug|x86.Build.0 = Debug|Any CPU
		{242A8BFB-1AE6-4CEE-A2C2-3665C745EE1F}.Release|Any CPU.ActiveCfg = Release|Any CPU
		{242A8BFB-1AE6-4CEE-A2C2-3665C745EE1F}.Release|Any CPU.Build.0 = Release|Any CPU
		{242A8BFB-1AE6-4CEE-A2C2-3665C745EE1F}.Release|x64.ActiveCfg = Release|Any CPU
		{242A8BFB-1AE6-4CEE-A2C2-3665C745EE1F}.Release|x64.Build.0 = Release|Any CPU
		{242A8BFB-1AE6-4CEE-A2C2-3665C745EE1F}.Release|x86.ActiveCfg = Release|Any CPU
		{242A8BFB-1AE6-4CEE-A2C2-3665C745EE1F}.Release|x86.Build.0 = Release|Any CPU
		{54E859D1-BA0F-4EDA-B888-951D6848A008}.Debug|Any CPU.ActiveCfg = Debug|Any CPU
		{54E859D1-BA0F-4EDA-B888-951D6848A008}.Debug|Any CPU.Build.0 = Debug|Any CPU
		{54E859D1-BA0F-4EDA-B888-951D6848A008}.Debug|x64.ActiveCfg = Debug|Any CPU
		{54E859D1-BA0F-4EDA-B888-951D6848A008}.Debug|x64.Build.0 = Debug|Any CPU
		{54E859D1-BA0F-4EDA-B888-951D6848A008}.Debug|x86.ActiveCfg = Debug|Any CPU
		{54E859D1-BA0F-4EDA-B888-951D6848A008}.Debug|x86.Build.0 = Debug|Any CPU
		{54E859D1-BA0F-4EDA-B888-951D6848A008}.Release|Any CPU.ActiveCfg = Release|Any CPU
		{54E859D1-BA0F-4EDA-B888-951D6848A008}.Release|Any CPU.Build.0 = Release|Any CPU
		{54E859D1-BA0F-4EDA-B888-951D6848A008}.Release|x64.ActiveCfg = Release|Any CPU
		{54E859D1-BA0F-4EDA-B888-951D6848A008}.Release|x64.Build.0 = Release|Any CPU
		{54E859D1-BA0F-4EDA-B888-951D6848A008}.Release|x86.ActiveCfg = Release|Any CPU
		{54E859D1-BA0F-4EDA-B888-951D6848A008}.Release|x86.Build.0 = Release|Any CPU
	EndGlobalSection
	GlobalSection(SolutionProperties) = preSolution
		HideSolutionNode = FALSE
	EndGlobalSection
	GlobalSection(NestedProjects) = preSolution
		{EEDFC914-3342-4F56-BD71-FB55250316D1} = {827E0CD3-B72D-47B6-A68D-7590B98EB39B}
		{73924304-E3CE-4DC6-A991-EAD3CCD12A48} = {827E0CD3-B72D-47B6-A68D-7590B98EB39B}
		{7BF0712E-3DB9-4983-87DA-D7863AB59AF6} = {827E0CD3-B72D-47B6-A68D-7590B98EB39B}
		{21CF80BE-F7A5-4FDF-8973-3D9CBF9401EA} = {827E0CD3-B72D-47B6-A68D-7590B98EB39B}
		{0E971F4E-70D5-C25B-4C6F-FA4AB609C365} = {827E0CD3-B72D-47B6-A68D-7590B98EB39B}
		{A73E2A1C-88A2-4F35-A12E-5EDA45D92BC9} = {0E971F4E-70D5-C25B-4C6F-FA4AB609C365}
		{DCEAB04E-04E2-406A-B597-C1F6DA75E9F7} = {0E971F4E-70D5-C25B-4C6F-FA4AB609C365}
		{242A8BFB-1AE6-4CEE-A2C2-3665C745EE1F} = {0E971F4E-70D5-C25B-4C6F-FA4AB609C365}
		{54E859D1-BA0F-4EDA-B888-951D6848A008} = {0E971F4E-70D5-C25B-4C6F-FA4AB609C365}
	EndGlobalSection
EndGlobal
